
Microsoft Visual Studio Solution File, Format Version 12.00
# Visual Studio 15
VisualStudioVersion = 15.0.28307.1321
MinimumVisualStudioVersion = 10.0.40219.1
Project("{9A19103F-16F7-4668-BE54-9A1E7A4F7556}") = "BookShop", "BookShop\BookShop.csproj", "{F998FD55-981C-44BE-AD27-8212D1AA2E8D}"
EndProject
Global
	GlobalSection(SolutionConfigurationPlatforms) = preSolution
		Debug|Any CPU = Debug|Any CPU
		Release|Any CPU = Release|Any CPU
	EndGlobalSection
	GlobalSection(ProjectConfigurationPlatforms) = postSolution
		{F998FD55-981C-44BE-AD27-8212D1AA2E8D}.Debug|Any CPU.ActiveCfg = Debug|Any CPU
		{F998FD55-981C-44BE-AD27-8212D1AA2E8D}.Debug|Any CPU.Build.0 = Debug|Any CPU
		{F998FD55-981C-44BE-AD27-8212D1AA2E8D}.Release|Any CPU.ActiveCfg = Release|Any CPU
		{F998FD55-981C-44BE-AD27-8212D1AA2E8D}.Release|Any CPU.Build.0 = Release|Any CPU
	EndGlobalSection
	GlobalSection(SolutionProperties) = preSolution
		HideSolutionNode = FALSE
	EndGlobalSection
	GlobalSection(ExtensibilityGlobals) = postSolution
		SolutionGuid = {E3F10004-2203-4B90-854D-9D7FE7844992}
	EndGlobalSection
EndGlobal
